{
  "name": "swaveplayer",
  "version": "0.0.1",
  "lockfileVersion": 1,
  "requires": true,
  "dependencies": {
    "@stencil/core": {
      "version": "1.8.1",
      "resolved": "https://registry.npmjs.org/@stencil/core/-/core-1.8.1.tgz",
      "integrity": "sha512-VV8bJF6ZeOZyVUQEK4a24O+V4RXUxgAWSHonkNgbJVk7Z+hxfJMBTLGy6uZa9/5/IcKXqrTutIL9giV8WeNkHA==",
      "dev": true,
      "requires": {
        "typescript": "3.7.2"
      }
    },
    "@stencil/sass": {
      "version": "1.1.1",
      "resolved": "https://registry.npmjs.org/@stencil/sass/-/sass-1.1.1.tgz",
      "integrity": "sha512-Nny3JiFkpQa0RdXWCa4pzhKQYnHuDNzC9c4w35FcaZHXBVuZ1UHSHc7wI7By9SS1auYcySqpPOBVzgoCqXcYVQ==",
      "dev": true
    },
    "commander": {
      "version": "2.20.3",
      "resolved": "https://registry.npmjs.org/commander/-/commander-2.20.3.tgz",
      "integrity": "sha512-GpVkmM8vF2vQUkj2LvZmD35JxeJOLCwJ9cUkugyk2nuhbv3+mJvpLYYt+0+USMxE+oj+ey/lJEnhZw75x/OMcQ=="
    },
    "node-webvtt": {
      "version": "1.6.1",
      "resolved": "https://registry.npmjs.org/node-webvtt/-/node-webvtt-1.6.1.tgz",
      "integrity": "sha512-k7WC2VdrprpNuL2WIXOm8m4IGNy9DpuDFW51FB84q31nXqjpJPwcmdK1CW+lASD4/oKSgKqDfGjA2kAc//JCeQ==",
      "requires": {
        "commander": "^2.20.0"
      }
    },
    "swave": {
      "version": "1.0.10",
      "resolved": "https://registry.npmjs.org/swave/-/swave-1.0.10.tgz",
      "integrity": "sha512-QXYrDrYOcxD2LModQDi3EKF7Zm8CzmXrMmoG1j2iMj2kaSU7X7WYlFvcJ3K785tS4l3EdG1n9cbVL0TOsHmqng==",
      "requires": {
        "node-webvtt": "^1.6.1"
      }
    },
    "typescript": {
      "version": "3.7.2",
      "resolved": "https://registry.npmjs.org/typescript/-/typescript-3.7.2.tgz",
      "integrity": "sha512-ml7V7JfiN2Xwvcer+XAf2csGO1bPBdRbFCkYBczNZggrBZ9c7G3riSUeJmqEU5uOtXNPMhE3n+R4FA/3YOAWOQ==",
      "dev": true
    }
  }
}
